
Microsoft Visual Studio Solution File, Format Version 12.00
# Visual Studio 15
VisualStudioVersion = 15.0.28307.1267
MinimumVisualStudioVersion = 10.0.40219.1
Project("{FAE04EC0-301F-11D3-BF4B-00C04F79EFBC}") = "proyectoRovere", "proyectoRovere\proyectoRovere.csproj", "{1879E589-1AF4-42B6-8D0F-8738ADC5C3D3}"
EndProject
Global
	GlobalSection(SolutionConfigurationPlatforms) = preSolution
		Debug|Any CPU = Debug|Any CPU
		Release|Any CPU = Release|Any CPU
	EndGlobalSection
	GlobalSection(ProjectConfigurationPlatforms) = postSolution
		{1879E589-1AF4-42B6-8D0F-8738ADC5C3D3}.Debug|Any CPU.ActiveCfg = Debug|Any CPU
		{1879E589-1AF4-42B6-8D0F-8738ADC5C3D3}.Debug|Any CPU.Build.0 = Debug|Any CPU
		{1879E589-1AF4-42B6-8D0F-8738ADC5C3D3}.Release|Any CPU.ActiveCfg = Release|Any CPU
		{1879E589-1AF4-42B6-8D0F-8738ADC5C3D3}.Release|Any CPU.Build.0 = Release|Any CPU
	EndGlobalSection
	GlobalSection(SolutionProperties) = preSolution
		HideSolutionNode = FALSE
	EndGlobalSection
	GlobalSection(ExtensibilityGlobals) = postSolution
		SolutionGuid = {C4A715DF-5639-4FC8-88D9-7CFA9E467AAD}
	EndGlobalSection
EndGlobal
